<?xml version="1.0" encoding="UTF-8"?>
<Project ToolsVersion="14.0" xmlns="http://schemas.microsoft.com/developer/msbuild/2003">
  <ItemGroup>
    <CustomBuild Include="C:\Projects\ERT\Dlib\dlib-19.7\CMakeFiles\9bd2b1425f57691f75b64aa99e61c2f1\INSTALL_force.rule">
      <Filter>CMake Rules</Filter>
    </CustomBuild>
  </ItemGroup>
  <ItemGroup>
    <Filter Include="CMake Rules">
      <UniqueIdentifier>{C17E0689-45DA-3EFE-96C4-8017276BC3F6}</UniqueIdentifier>
    </Filter>
  </ItemGroup>
</Project>
